
Microsoft Visual Studio Solution File, Format Version 12.00
# Visual Studio Version 17
VisualStudioVersion = 17.0.31912.275
MinimumVisualStudioVersion = 10.0.40219.1
Project("{FAE04EC0-301F-11D3-BF4B-00C04F79EFBC}") = "AzureMM", "AzureMM\AzureMM.csproj", "{8D046392-E095-45B6-8AB5-10A1BDA45FC3}"
EndProject
Global
	GlobalSection(SolutionConfigurationPlatforms) = preSolution
		Debug|Any CPU = Debug|Any CPU
		Release|Any CPU = Release|Any CPU
	EndGlobalSection
	GlobalSection(ProjectConfigurationPlatforms) = postSolution
		{8D046392-E095-45B6-8AB5-10A1BDA45FC3}.Debug|Any CPU.ActiveCfg = Debug|Any CPU
		{8D046392-E095-45B6-8AB5-10A1BDA45FC3}.Debug|Any CPU.Build.0 = Debug|Any CPU
		{8D046392-E095-45B6-8AB5-10A1BDA45FC3}.Release|Any CPU.ActiveCfg = Release|Any CPU
		{8D046392-E095-45B6-8AB5-10A1BDA45FC3}.Release|Any CPU.Build.0 = Release|Any CPU
	EndGlobalSection
	GlobalSection(SolutionProperties) = preSolution
		HideSolutionNode = FALSE
	EndGlobalSection
	GlobalSection(ExtensibilityGlobals) = postSolution
		SolutionGuid = {EDFCCB25-560A-443F-9E76-A951AC203775}
	EndGlobalSection
EndGlobal
